// !$*UTF8*$!
{
	archiveVersion = 1;
	classes = {
	};
	objectVersion = 50;
	objects = {

/* Begin PBXBuildFile section */
		843E2373249435CE009DC8FD /* AppDelegate.swift in Sources */ = {isa = PBXBuildFile; fileRef = 843E2372249435CE009DC8FD /* AppDelegate.swift */; };
		843E2375249435CE009DC8FD /* SceneDelegate.swift in Sources */ = {isa = PBXBuildFile; fileRef = 843E2374249435CE009DC8FD /* SceneDelegate.swift */; };
		843E2377249435CE009DC8FD /* ViewController.swift in Sources */ = {isa = PBXBuildFile; fileRef = 843E2376249435CE009DC8FD /* ViewController.swift */; };
		843E237A249435CE009DC8FD /* Main.storyboard in Resources */ = {isa = PBXBuildFile; fileRef = 843E2378249435CE009DC8FD /* Main.storyboard */; };
		843E237C249435D1009DC8FD /* Assets.xcassets in Resources */ = {isa = PBXBuildFile; fileRef = 843E237B249435D1009DC8FD /* Assets.xcassets */; };
		843E237F249435D1009DC8FD /* LaunchScreen.storyboard in Resources */ = {isa = PBXBuildFile; fileRef = 843E237D249435D1009DC8FD /* LaunchScreen.storyboard */; };
		843E2387249436BD009DC8FD /* XMLParserManager.swift in Sources */ = {isa = PBXBuildFile; fileRef = 843E2386249436BD009DC8FD /* XMLParserManager.swift */; };
		843E2389249436E8009DC8FD /* FeedTableViewController.swift in Sources */ = {isa = PBXBuildFile; fileRef = 843E2388249436E8009DC8FD /* FeedTableViewController.swift */; };
		84CC0729249552DC009B8871 /* DetailViewController.swift in Sources */ = {isa = PBXBuildFile; fileRef = 84CC0728249552DC009B8871 /* DetailViewController.swift */; };
		84CC072B249562A9009B8871 /* MenuViewController.swift in Sources */ = {isa = PBXBuildFile; fileRef = 84CC072A249562A9009B8871 /* MenuViewController.swift */; };
		84CC072D249562D3009B8871 /* SlideInTransition.swift in Sources */ = {isa = PBXBuildFile; fileRef = 84CC072C249562D3009B8871 /* SlideInTransition.swift */; };
/* End PBXBuildFile section */

/* Begin PBXFileReference section */
		843E236F249435CE009DC8FD /* rss.app */ = {isa = PBXFileReference; explicitFileType = wrapper.application; includeInIndex = 0; path = rss.app; sourceTree = BUILT_PRODUCTS_DIR; };
		843E2372249435CE009DC8FD /* AppDelegate.swift */ = {isa = PBXFileReference; lastKnownFileType = sourcecode.swift; path = AppDelegate.swift; sourceTree = "<group>"; };
		843E2374249435CE009DC8FD /* SceneDelegate.swift */ = {isa = PBXFileReference; lastKnownFileType = sourcecode.swift; path = SceneDelegate.swift; sourceTree = "<group>"; };
		843E2376249435CE009DC8FD /* ViewController.swift */ = {isa = PBXFileReference; lastKnownFileType = sourcecode.swift; path = ViewController.swift; sourceTree = "<group>"; };
		843E2379249435CE009DC8FD /* Base */ = {isa = PBXFileReference; lastKnownFileType = file.storyboard; name = Base; path = Base.lproj/Main.storyboard; sourceTree = "<group>"; };
		843E237B249435D1009DC8FD /* Assets.xcassets */ = {isa = PBXFileReference; lastKnownFileType = folder.assetcatalog; path = Assets.xcassets; sourceTree = "<group>"; };
		843E237E249435D1009DC8FD /* Base */ = {isa = PBXFileReference; lastKnownFileType = file.storyboard; name = Base; path = Base.lproj/LaunchScreen.storyboard; sourceTree = "<group>"; };
		843E2380249435D1009DC8FD /* Info.plist */ = {isa = PBXFileReference; lastKnownFileType = text.plist.xml; path = Info.plist; sourceTree = "<group>"; };
		843E2386249436BD009DC8FD /* XMLParserManager.swift */ = {isa = PBXFileReference; lastKnownFileType = sourcecode.swift; path = XMLParserManager.swift; sourceTree = "<group>"; };
		843E2388249436E8009DC8FD /* FeedTableViewController.swift */ = {isa = PBXFileReference; lastKnownFileType = sourcecode.swift; path = FeedTableViewController.swift; sourceTree = "<group>"; };
		84CC0728249552DC009B8871 /* DetailViewController.swift */ = {isa = PBXFileReference; lastKnownFileType = sourcecode.swift; path = DetailViewController.swift; sourceTree = "<group>"; };
		84CC072A249562A9009B8871 /* MenuViewController.swift */ = {isa = PBXFileReference; lastKnownFileType = sourcecode.swift; path = MenuViewController.swift; sourceTree = "<group>"; };
		84CC072C249562D3009B8871 /* SlideInTransition.swift */ = {isa = PBXFileReference; lastKnownFileType = sourcecode.swift; path = SlideInTransition.swift; sourceTree = "<group>"; };
/* End PBXFileReference section */

/* Begin PBXFrameworksBuildPhase section */
		843E236C249435CE009DC8FD /* Frameworks */ = {
			isa = PBXFrameworksBuildPhase;
			buildActionMask = 2147483647;
			files = (
			);
			runOnlyForDeploymentPostprocessing = 0;
		};
/* End PBXFrameworksBuildPhase section */

/* Begin PBXGroup section */
		843E2366249435CE009DC8FD = {
			isa = PBXGroup;
			children = (
				843E2371249435CE009DC8FD /* rss */,
				843E2370249435CE009DC8FD /* Products */,
			);
			sourceTree = "<group>";
		};
		843E2370249435CE009DC8FD /* Products */ = {
			isa = PBXGroup;
			children = (
				843E236F249435CE009DC8FD /* rss.app */,
			);
			name = Products;
			sourceTree = "<group>";
		};
		843E2371249435CE009DC8FD /* rss */ = {
			isa = PBXGroup;
			children = (
				843E2372249435CE009DC8FD /* AppDelegate.swift */,
				843E2374249435CE009DC8FD /* SceneDelegate.swift */,
				843E2376249435CE009DC8FD /* ViewController.swift */,
				843E2378249435CE009DC8FD /* Main.storyboard */,
				84CC072C249562D3009B8871 /* SlideInTransition.swift */,
				843E2386249436BD009DC8FD /* XMLParserManager.swift */,
				84CC072A249562A9009B8871 /* MenuViewController.swift */,
				843E2388249436E8009DC8FD /* FeedTableViewController.swift */,
				84CC0728249552DC009B8871 /* DetailViewController.swift */,
				843E237B249435D1009DC8FD /* Assets.xcassets */,
				843E237D249435D1009DC8FD /* LaunchScreen.storyboard */,
				843E2380249435D1009DC8FD /* Info.plist */,
			);
			path = rss;
			sourceTree = "<group>";
		};
/* End PBXGroup section */

/* Begin PBXNativeTarget section */
		843E236E249435CE009DC8FD /* rss */ = {
			isa = PBXNativeTarget;
			buildConfigurationList = 843E2383249435D1009DC8FD /* Build configuration list for PBXNativeTarget "rss" */;
			buildPhases = (
				843E236B249435CE009DC8FD /* Sources */,
				843E236C249435CE009DC8FD /* Frameworks */,
				843E236D249435CE009DC8FD /* Resources */,
			);
			buildRules = (
			);
			dependencies = (
			);
			name = rss;
			productName = rss;
			productReference = 843E236F249435CE009DC8FD /* rss.app */;
			productType = "com.apple.product-type.application";
		};
/* End PBXNativeTarget section */

/* Begin PBXProject section */
		843E2367249435CE009DC8FD /* Project object */ = {
			isa = PBXProject;
			attributes = {
				LastSwiftUpdateCheck = 1140;
				LastUpgradeCheck = 1140;
				ORGANIZATIONNAME = "Арина";
				TargetAttributes = {
					843E236E249435CE009DC8FD = {
						CreatedOnToolsVersion = 11.4.1;
					};
				};
			};
			buildConfigurationList = 843E236A249435CE009DC8FD /* Build configuration list for PBXProject "rss" */;
			compatibilityVersion = "Xcode 9.3";
			developmentRegion = en;
			hasScannedForEncodings = 0;
			knownRegions = (
				en,
				Base,
			);
			mainGroup = 843E2366249435CE009DC8FD;
			productRefGroup = 843E2370249435CE009DC8FD /* Products */;
			projectDirPath = "";
			projectRoot = "";
			targets = (
				843E236E249435CE009DC8FD /* rss */,
			);
		};
/* End PBXProject section */

/* Begin PBXResourcesBuildPhase section */
		843E236D249435CE009DC8FD /* Resources */ = {
			isa = PBXResourcesBuildPhase;
			buildActionMask = 2147483647;
			files = (
				843E237F249435D1009DC8FD /* LaunchScreen.storyboard in Resources */,
				843E237C249435D1009DC8FD /* Assets.xcassets in Resources */,
				843E237A249435CE009DC8FD /* Main.storyboard in Resources */,
			);
			runOnlyForDeploymentPostprocessing = 0;
		};
/* End PBXResourcesBuildPhase section */

/* Begin PBXSourcesBuildPhase section */
		843E236B249435CE009DC8FD /* Sources */ = {
			isa = PBXSourcesBuildPhase;
			buildActionMask = 2147483647;
			files = (
				843E2377249435CE009DC8FD /* ViewController.swift in Sources */,
				843E2373249435CE009DC8FD /* AppDelegate.swift in Sources */,
				843E2389249436E8009DC8FD /* FeedTableViewController.swift in Sources */,
				84CC072B249562A9009B8871 /* MenuViewController.swift in Sources */,
				84CC0729249552DC009B8871 /* DetailViewController.swift in Sources */,
				84CC072D249562D3009B8871 /* SlideInTransition.swift in Sources */,
				843E2387249436BD009DC8FD /* XMLParserManager.swift in Sources */,
				843E2375249435CE009DC8FD /* SceneDelegate.swift in Sources */,
			);
			runOnlyForDeploymentPostprocessing = 0;
		};
/* End PBXSourcesBuildPhase section */

/* Begin PBXVariantGroup section */
		843E2378249435CE009DC8FD /* Main.storyboard */ = {
			isa = PBXVariantGroup;
			children = (
				843E2379249435CE009DC8FD /* Base */,
			);
			name = Main.storyboard;
			sourceTree = "<group>";
		};
		843E237D249435D1009DC8FD /* LaunchScreen.storyboard */ = {
			isa = PBXVariantGroup;
			children = (
				843E237E249435D1009DC8FD /* Base */,
			);
			name = LaunchScreen.storyboard;
			sourceTree = "<group>";
		};
/* End PBXVariantGroup section */

/* Begin XCBuildConfiguration section */
		843E2381249435D1009DC8FD /* Debug */ = {
			isa = XCBuildConfiguration;
			buildSettings = {
				ALWAYS_SEARCH_USER_PATHS = NO;
				CLANG_ANALYZER_NONNULL = YES;
				CLANG_ANALYZER_NUMBER_OBJECT_CONVERSION = YES_AGGRESSIVE;
				CLANG_CXX_LANGUAGE_STANDARD = "gnu++14";
				CLANG_CXX_LIBRARY = "libc++";
				CLANG_ENABLE_MODULES = YES;
				CLANG_ENABLE_OBJC_ARC = YES;
				CLANG_ENABLE_OBJC_WEAK = YES;
				CLANG_WARN_BLOCK_CAPTURE_AUTORELEASING = YES;
				CLANG_WARN_BOOL_CONVERSION = YES;
				CLANG_WARN_COMMA = YES;
				CLANG_WARN_CONSTANT_CONVERSION = YES;
				CLANG_WARN_DEPRECATED_OBJC_IMPLEMENTATIONS = YES;
				CLANG_WARN_DIRECT_OBJC_ISA_USAGE = YES_ERROR;
				CLANG_WARN_DOCUMENTATION_COMMENTS = YES;
				CLANG_WARN_EMPTY_BODY = YES;
				CLANG_WARN_ENUM_CONVERSION = YES;
				CLANG_WARN_INFINITE_RECURSION = YES;
				CLANG_WARN_INT_CONVERSION = YES;
				CLANG_WARN_NON_LITERAL_NULL_CONVERSION = YES;
				CLANG_WARN_OBJC_IMPLICIT_RETAIN_SELF = YES;
				CLANG_WARN_OBJC_LITERAL_CONVERSION = YES;
				CLANG_WARN_OBJC_ROOT_CLASS = YES_ERROR;
				CLANG_WARN_RANGE_LOOP_ANALYSIS = YES;
				CLANG_WARN_STRICT_PROTOTYPES = YES;
				CLANG_WARN_SUSPICIOUS_MOVE = YES;
				CLANG_WARN_UNGUARDED_AVAILABILITY = YES_AGGRESSIVE;
				CLANG_WARN_UNREACHABLE_CODE = YES;
				CLANG_WARN__DUPLICATE_METHOD_MATCH = YES;
				COPY_PHASE_STRIP = NO;
				DEBUG_INFORMATION_FORMAT = dwarf;
				ENABLE_STRICT_OBJC_MSGSEND = YES;
				ENABLE_TESTABILITY = YES;
				GCC_C_LANGUAGE_STANDARD = gnu11;
				GCC_DYNAMIC_NO_PIC = NO;
				GCC_NO_COMMON_BLOCKS = YES;
				GCC_OPTIMIZATION_LEVEL = 0;
				GCC_PREPROCESSOR_DEFINITIONS = (
					"DEBUG=1",
					"$(inherited)",
				);
				GCC_WARN_64_TO_32_BIT_CONVERSION = YES;
				GCC_WARN_ABOUT_RETURN_TYPE = YES_ERROR;
				GCC_WARN_UNDECLARED_SELECTOR = YES;
				GCC_WARN_UNINITIALIZED_AUTOS = YES_AGGRESSIVE;
				GCC_WARN_UNUSED_FUNCTION = YES;
				GCC_WARN_UNUSED_VARIABLE = YES;
				IPHONEOS_DEPLOYMENT_TARGET = 13.4;
				MTL_ENABLE_DEBUG_INFO = INCLUDE_SOURCE;
				MTL_FAST_MATH = YES;
				ONLY_ACTIVE_ARCH = YES;
				SDKROOT = iphoneos;
				SWIFT_ACTIVE_COMPILATION_CONDITIONS = DEBUG;
				SWIFT_OPTIMIZATION_LEVEL = "-Onone";
			};
			name = Debug;
		};
		843E2382249435D1009DC8FD /* Release */ = {
			isa = XCBuildConfiguration;
			buildSettings = {
				ALWAYS_SEARCH_USER_PATHS = NO;
				CLANG_ANALYZER_NONNULL = YES;
				CLANG_ANALYZER_NUMBER_OBJECT_CONVERSION = YES_AGGRESSIVE;
				CLANG_CXX_LANGUAGE_STANDARD = "gnu++14";
				CLANG_CXX_LIBRARY = "libc++";
				CLANG_ENABLE_MODULES = YES;
				CLANG_ENABLE_OBJC_ARC = YES;
				CLANG_ENABLE_OBJC_WEAK = YES;
				CLANG_WARN_BLOCK_CAPTURE_AUTORELEASING = YES;
				CLANG_WARN_BOOL_CONVERSION = YES;
				CLANG_WARN_COMMA = YES;
				CLANG_WARN_CONSTANT_CONVERSION = YES;
				CLANG_WARN_DEPRECATED_OBJC_IMPLEMENTATIONS = YES;
				CLANG_WARN_DIRECT_OBJC_ISA_USAGE = YES_ERROR;
				CLANG_WARN_DOCUMENTATION_COMMENTS = YES;
				CLANG_WARN_EMPTY_BODY = YES;
				CLANG_WARN_ENUM_CONVERSION = YES;
				CLANG_WARN_INFINITE_RECURSION = YES;
				CLANG_WARN_INT_CONVERSION = YES;
				CLANG_WARN_NON_LITERAL_NULL_CONVERSION = YES;
				CLANG_WARN_OBJC_IMPLICIT_RETAIN_SELF = YES;
				CLANG_WARN_OBJC_LITERAL_CONVERSION = YES;
				CLANG_WARN_OBJC_ROOT_CLASS = YES_ERROR;
				CLANG_WARN_RANGE_LOOP_ANALYSIS = YES;
				CLANG_WARN_STRICT_PROTOTYPES = YES;
				CLANG_WARN_SUSPICIOUS_MOVE = YES;
				CLANG_WARN_UNGUARDED_AVAILABILITY = YES_AGGRESSIVE;
				CLANG_WARN_UNREACHABLE_CODE = YES;
				CLANG_WARN__DUPLICATE_METHOD_MATCH = YES;
				COPY_PHASE_STRIP = NO;
				DEBUG_INFORMATION_FORMAT = "dwarf-with-dsym";
				ENABLE_NS_ASSERTIONS = NO;
				ENABLE_STRICT_OBJC_MSGSEND = YES;
				GCC_C_LANGUAGE_STANDARD = gnu11;
				GCC_NO_COMMON_BLOCKS = YES;
				GCC_WARN_64_TO_32_BIT_CONVERSION = YES;
				GCC_WARN_ABOUT_RETURN_TYPE = YES_ERROR;
				GCC_WARN_UNDECLARED_SELECTOR = YES;
				GCC_WARN_UNINITIALIZED_AUTOS = YES_AGGRESSIVE;
				GCC_WARN_UNUSED_FUNCTION = YES;
				GCC_WARN_UNUSED_VARIABLE = YES;
				IPHONEOS_DEPLOYMENT_TARGET = 13.4;
				MTL_ENABLE_DEBUG_INFO = NO;
				MTL_FAST_MATH = YES;
				SDKROOT = iphoneos;
				SWIFT_COMPILATION_MODE = wholemodule;
				SWIFT_OPTIMIZATION_LEVEL = "-O";
				VALIDATE_PRODUCT = YES;
			};
			name = Release;
		};
		843E2384249435D1009DC8FD /* Debug */ = {
			isa = XCBuildConfiguration;
			buildSettings = {
				ASSETCATALOG_COMPILER_APPICON_NAME = AppIcon;
				CODE_SIGN_STYLE = Automatic;
				DEVELOPMENT_TEAM = JPHMRBR3UP;
				INFOPLIST_FILE = rss/Info.plist;
				LD_RUNPATH_SEARCH_PATHS = (
					"$(inherited)",
					"@executable_path/Frameworks",
				);
				PRODUCT_BUNDLE_IDENTIFIER = "-----.rss";
				PRODUCT_NAME = "$(TARGET_NAME)";
				SWIFT_VERSION = 5.0;
				TARGETED_DEVICE_FAMILY = "1,2";
			};
			name = Debug;
		};
		843E2385249435D1009DC8FD /* Release */ = {
			isa = XCBuildConfiguration;
			buildSettings = {
				ASSETCATALOG_COMPILER_APPICON_NAME = AppIcon;
				CODE_SIGN_STYLE = Automatic;
				DEVELOPMENT_TEAM = JPHMRBR3UP;
				INFOPLIST_FILE = rss/Info.plist;
				LD_RUNPATH_SEARCH_PATHS = (
					"$(inherited)",
					"@executable_path/Frameworks",
				);
				PRODUCT_BUNDLE_IDENTIFIER = "-----.rss";
				PRODUCT_NAME = "$(TARGET_NAME)";
				SWIFT_VERSION = 5.0;
				TARGETED_DEVICE_FAMILY = "1,2";
			};
			name = Release;
		};
/* End XCBuildConfiguration section */

/* Begin XCConfigurationList section */
		843E236A249435CE009DC8FD /* Build configuration list for PBXProject "rss" */ = {
			isa = XCConfigurationList;
			buildConfigurations = (
				843E2381249435D1009DC8FD /* Debug */,
				843E2382249435D1009DC8FD /* Release */,
			);
			defaultConfigurationIsVisible = 0;
			defaultConfigurationName = Release;
		};
		843E2383249435D1009DC8FD /* Build configuration list for PBXNativeTarget "rss" */ = {
			isa = XCConfigurationList;
			buildConfigurations = (
				843E2384249435D1009DC8FD /* Debug */,
				843E2385249435D1009DC8FD /* Release */,
			);
			defaultConfigurationIsVisible = 0;
			defaultConfigurationName = Release;
		};
/* End XCConfigurationList section */
	};
	rootObject = 843E2367249435CE009DC8FD /* Project object */;
}
